version = 1
revision = 1
requires-python = ">=3.11"

[[package]]
name = "locness-ph"
version = "0.1.0"
source = { virtual = "." }
dependencies = [
    { name = "numpy" },
    { name = "pyserial" },
    { name = "pyyaml" },
]

[package.metadata]
requires-dist = [
    { name = "numpy", specifier = "==2.0.1" },
    { name = "pyserial", specifier = "==3.5" },
    { name = "pyyaml", specifier = "==6.0" },
]

[[package]]
name = "numpy"
version = "2.0.1"
source = { registry = "https://pypi.org/simple" }
sdist = { url = "https://files.pythonhosted.org/packages/1c/8a/0db635b225d2aa2984e405dc14bd2b0c324a0c312ea1bc9d283f2b83b038/numpy-2.0.1.tar.gz", hash = "sha256:485b87235796410c3519a699cfe1faab097e509e90ebb05dcd098db2ae87e7b3", size = 18872007 }
wheels = [
    { url = "https://files.pythonhosted.org/packages/29/d6/ff66f4f87518a435538e15cc9e0477a88398512a18783e748914f0daf5ea/numpy-2.0.1-cp311-cp311-macosx_10_9_x86_64.whl", hash = "sha256:75b4e316c5902d8163ef9d423b1c3f2f6252226d1aa5cd8a0a03a7d01ffc6268", size = 21238269 },
    { url = "https://files.pythonhosted.org/packages/c5/64/853cfc37494471e64ea9f7bf3bc3b4bb39450e6db5beeb05e2a66beef612/numpy-2.0.1-cp311-cp311-macosx_11_0_arm64.whl", hash = "sha256:6e4eeb6eb2fced786e32e6d8df9e755ce5be920d17f7ce00bc38fcde8ccdbf9e", size = 13334324 },
    { url = "https://files.pythonhosted.org/packages/d1/d8/597b4b2e396a77cbec677c9de33bb1789d5c3b66d653cb723d00eb331e99/numpy-2.0.1-cp311-cp311-macosx_14_0_arm64.whl", hash = "sha256:a1e01dcaab205fbece13c1410253a9eea1b1c9b61d237b6fa59bcc46e8e89343", size = 5298376 },
    { url = "https://files.pythonhosted.org/packages/64/58/8664ff3747ac719ae1a5b9c0020533435158180a27f2f88a2b7a253bb623/numpy-2.0.1-cp311-cp311-macosx_14_0_x86_64.whl", hash = "sha256:a8fc2de81ad835d999113ddf87d1ea2b0f4704cbd947c948d2f5513deafe5a7b", size = 6903817 },
    { url = "https://files.pythonhosted.org/packages/72/44/71ac0090d4ccb512fcac0ef0e5208248423a1ce30381541700470ac09b75/numpy-2.0.1-cp311-cp311-manylinux_2_17_aarch64.manylinux2014_aarch64.whl", hash = "sha256:5a3d94942c331dd4e0e1147f7a8699a4aa47dffc11bf8a1523c12af8b2e91bbe", size = 13916254 },
    { url = "https://files.pythonhosted.org/packages/ef/27/39622993e8688a1f05898a3c3b2836b856f79c06637ebd4b71cb35cc9b18/numpy-2.0.1-cp311-cp311-manylinux_2_17_x86_64.manylinux2014_x86_64.whl", hash = "sha256:15eb4eca47d36ec3f78cde0a3a2ee24cf05ca7396ef808dda2c0ddad7c2bde67", size = 19540260 },
    { url = "https://files.pythonhosted.org/packages/6a/26/a32b5a6b3f090860aeefb3619bfea09f717d73908bd65e69e8ab0cac9c07/numpy-2.0.1-cp311-cp311-musllinux_1_1_x86_64.whl", hash = "sha256:b83e16a5511d1b1f8a88cbabb1a6f6a499f82c062a4251892d9ad5d609863fb7", size = 19938602 },
    { url = "https://files.pythonhosted.org/packages/34/b6/a88a9953d0be231c67aa0b3714d6138507490753beaa927f0b33f20cdca2/numpy-2.0.1-cp311-cp311-musllinux_1_2_aarch64.whl", hash = "sha256:1f87fec1f9bc1efd23f4227becff04bd0e979e23ca50cc92ec88b38489db3b55", size = 14425300 },
    { url = "https://files.pythonhosted.org/packages/e4/e2/e763e102bea9c188b43ea144a91c22bec669736889a6e0be0235d64666d7/numpy-2.0.1-cp311-cp311-win32.whl", hash = "sha256:36d3a9405fd7c511804dc56fc32974fa5533bdeb3cd1604d6b8ff1d292b819c4", size = 6467652 },
    { url = "https://files.pythonhosted.org/packages/3d/67/928e8f0d5c7fd32f32fb5caf92b186a1b3826dbaf5a294e13a976d6c38b6/numpy-2.0.1-cp311-cp311-win_amd64.whl", hash = "sha256:08458fbf403bff5e2b45f08eda195d4b0c9b35682311da5a5a0a0925b11b9bd8", size = 16559280 },
    { url = "https://files.pythonhosted.org/packages/64/1c/401489a7e92c30db413362756c313b9353fb47565015986c55582593e2ae/numpy-2.0.1-cp312-cp312-macosx_10_9_x86_64.whl", hash = "sha256:6bf4e6f4a2a2e26655717a1983ef6324f2664d7011f6ef7482e8c0b3d51e82ac", size = 20965374 },
    { url = "https://files.pythonhosted.org/packages/08/61/460fb524bb2d1a8bd4bbcb33d9b0971f9837fdedcfda8478d4c8f5cfd7ee/numpy-2.0.1-cp312-cp312-macosx_11_0_arm64.whl", hash = "sha256:7d6fddc5fe258d3328cd8e3d7d3e02234c5d70e01ebe377a6ab92adb14039cb4", size = 13102536 },
    { url = "https://files.pythonhosted.org/packages/c2/da/3d8debb409bc97045b559f408d2b8cefa6a077a73df14dbf4d8780d976b1/numpy-2.0.1-cp312-cp312-macosx_14_0_arm64.whl", hash = "sha256:5daab361be6ddeb299a918a7c0864fa8618af66019138263247af405018b04e1", size = 5037809 },
    { url = "https://files.pythonhosted.org/packages/6d/59/851609f533e7bf5f4af6264a7c5149ab07be9c8db2b0eb064794f8a7bf6d/numpy-2.0.1-cp312-cp312-macosx_14_0_x86_64.whl", hash = "sha256:ea2326a4dca88e4a274ba3a4405eb6c6467d3ffbd8c7d38632502eaae3820587", size = 6631813 },
    { url = "https://files.pythonhosted.org/packages/5e/e3/944b70438d3b7e2742fece7da8dfba6f7ef7dccdd163d1a613f7027f4d5b/numpy-2.0.1-cp312-cp312-manylinux_2_17_aarch64.manylinux2014_aarch64.whl", hash = "sha256:529af13c5f4b7a932fb0e1911d3a75da204eff023ee5e0e79c1751564221a5c8", size = 13623742 },
    { url = "https://files.pythonhosted.org/packages/2c/f3/61eeef119beb37decb58e7cb29940f19a1464b8608f2cab8a8616aba75fd/numpy-2.0.1-cp312-cp312-manylinux_2_17_x86_64.manylinux2014_x86_64.whl", hash = "sha256:6790654cb13eab303d8402354fabd47472b24635700f631f041bd0b65e37298a", size = 19242336 },
    { url = "https://files.pythonhosted.org/packages/77/b5/c74cc1c91754436114c1de5912cdb475145245f6e645a6a1a29b5d08c774/numpy-2.0.1-cp312-cp312-musllinux_1_1_x86_64.whl", hash = "sha256:cbab9fc9c391700e3e1287666dfd82d8666d10e69a6c4a09ab97574c0b7ee0a7", size = 19637264 },
    { url = "https://files.pythonhosted.org/packages/da/89/c8856d3fd5fce12e0b3f6af371ccb90d604600923b08050c58f0cd26eac9/numpy-2.0.1-cp312-cp312-musllinux_1_2_aarch64.whl", hash = "sha256:99d0d92a5e3613c33a5f01db206a33f8fdf3d71f2912b0de1739894668b7a93b", size = 14108911 },
    { url = "https://files.pythonhosted.org/packages/15/96/310c6f3f2447f6d146518479b0a6ee6eb92a537954ec3b1acfa2894d1347/numpy-2.0.1-cp312-cp312-win32.whl", hash = "sha256:173a00b9995f73b79eb0191129f2455f1e34c203f559dd118636858cc452a1bf", size = 6171379 },
    { url = "https://files.pythonhosted.org/packages/b5/59/f6ad30785a6578ad85ed9c2785f271b39c3e5b6412c66e810d2c60934c9f/numpy-2.0.1-cp312-cp312-win_amd64.whl", hash = "sha256:bb2124fdc6e62baae159ebcfa368708867eb56806804d005860b6007388df171", size = 16255757 },
]

[[package]]
name = "pyserial"
version = "3.5"
source = { registry = "https://pypi.org/simple" }
sdist = { url = "https://files.pythonhosted.org/packages/1e/7d/ae3f0a63f41e4d2f6cb66a5b57197850f919f59e558159a4dd3a818f5082/pyserial-3.5.tar.gz", hash = "sha256:3c77e014170dfffbd816e6ffc205e9842efb10be9f58ec16d3e8675b4925cddb", size = 159125 }
wheels = [
    { url = "https://files.pythonhosted.org/packages/07/bc/587a445451b253b285629263eb51c2d8e9bcea4fc97826266d186f96f558/pyserial-3.5-py2.py3-none-any.whl", hash = "sha256:c4451db6ba391ca6ca299fb3ec7bae67a5c55dde170964c7a14ceefec02f2cf0", size = 90585 },
]

[[package]]
name = "pyyaml"
version = "6.0"
source = { registry = "https://pypi.org/simple" }
sdist = { url = "https://files.pythonhosted.org/packages/36/2b/61d51a2c4f25ef062ae3f74576b01638bebad5e045f747ff12643df63844/PyYAML-6.0.tar.gz", hash = "sha256:68fb519c14306fec9720a2a5b45bc9f0c8d1b9c72adf45c37baedfcd949c35a2", size = 124996 }
wheels = [
    { url = "https://files.pythonhosted.org/packages/f8/54/799b059314b13e1063473f76e908f44106014d18f54b16c83a16edccd5ec/PyYAML-6.0-cp311-cp311-macosx_10_9_x86_64.whl", hash = "sha256:d4b0ba9512519522b118090257be113b9468d804b19d63c71dbcf4a48fa32358", size = 188559 },
    { url = "https://files.pythonhosted.org/packages/cb/5f/05dd91f5046e2256e35d885f3b8f0f280148568f08e1bf20421887523e9a/PyYAML-6.0-cp311-cp311-macosx_11_0_arm64.whl", hash = "sha256:81957921f441d50af23654aa6c5e5eaf9b06aba7f0a19c18a538dc7ef291c5a1", size = 167479 },
    { url = "https://files.pythonhosted.org/packages/7f/d9/6a0d14ac8d3b5605dc925d177c1d21ee9f0b7b39287799db1e50d197b2f4/PyYAML-6.0-cp311-cp311-manylinux_2_17_aarch64.manylinux2014_aarch64.whl", hash = "sha256:afa17f5bc4d1b10afd4466fd3a44dc0e245382deca5b3c353d8b757f9e3ecb8d", size = 732352 },
    { url = "https://files.pythonhosted.org/packages/68/3f/c027422e49433239267c62323fbc6320d6ac8d7d50cf0cb2a376260dad5f/PyYAML-6.0-cp311-cp311-manylinux_2_17_s390x.manylinux2014_s390x.whl", hash = "sha256:dbad0e9d368bb989f4515da330b88a057617d16b6a8245084f1b05400f24609f", size = 753020 },
    { url = "https://files.pythonhosted.org/packages/56/8f/e8b49ad21d26111493dc2d5cae4d7efbd0e2e065440665f5023515f87f64/PyYAML-6.0-cp311-cp311-manylinux_2_17_x86_64.manylinux2014_x86_64.whl", hash = "sha256:432557aa2c09802be39460360ddffd48156e30721f5e8d917f01d31694216782", size = 757901 },
    { url = "https://files.pythonhosted.org/packages/fc/48/531ecd926fe0a374346dd811bf1eda59a95583595bb80eadad511f3269b8/PyYAML-6.0-cp311-cp311-win32.whl", hash = "sha256:bfaef573a63ba8923503d27530362590ff4f576c626d86a9fed95822a8255fd7", size = 129269 },
    { url = "https://files.pythonhosted.org/packages/59/00/30e33fcd2a4562cd40c49c7740881009240c5cbbc0e41ca79ca4bba7c24b/PyYAML-6.0-cp311-cp311-win_amd64.whl", hash = "sha256:01b45c0191e6d66c470b6cf1b9531a771a83c1c4208272ead47a3ae4f2f603bf", size = 143181 },
]
